
Microsoft Visual Studio Solution File, Format Version 12.00
# Visual Studio Version 16
VisualStudioVersion = 16.0.31424.327
MinimumVisualStudioVersion = 10.0.40219.1
Project("{FAE04EC0-301F-11D3-BF4B-00C04F79EFBC}") = "UniversalSoundBoard", "UniversalSoundBoard\UniversalSoundBoard.csproj", "{D28C5D63-9E01-456A-B935-63D72F3F4E46}"
EndProject
Project("{FAE04EC0-301F-11D3-BF4B-00C04F79EFBC}") = "UniversalSoundboard.Tests", "UniversalSoundboard.Tests\UniversalSoundboard.Tests.csproj", "{E0E56C84-7727-4318-9A7D-747C0F65750E}"
EndProject
Project("{9A19103F-16F7-4668-BE54-9A1E7A4F7556}") = "davClassLibrary", "..\davClassLibrary\davClassLibrary\davClassLibrary.csproj", "{10769B56-07AE-453A-BAEB-1C0C7C492838}"
EndProject
Global
	GlobalSection(SolutionConfigurationPlatforms) = preSolution
		Debug|Any CPU = Debug|Any CPU
		Debug|ARM = Debug|ARM
		Debug|ARM64 = Debug|ARM64
		Debug|x64 = Debug|x64
		Debug|x86 = Debug|x86
		Release|Any CPU = Release|Any CPU
		Release|ARM = Release|ARM
		Release|ARM64 = Release|ARM64
		Release|x64 = Release|x64
		Release|x86 = Release|x86
	EndGlobalSection
	GlobalSection(ProjectConfigurationPlatforms) = postSolution
		{D28C5D63-9E01-456A-B935-63D72F3F4E46}.Debug|Any CPU.ActiveCfg = Debug|x86
		{D28C5D63-9E01-456A-B935-63D72F3F4E46}.Debug|ARM.ActiveCfg = Debug|ARM
		{D28C5D63-9E01-456A-B935-63D72F3F4E46}.Debug|ARM.Build.0 = Debug|ARM
		{D28C5D63-9E01-456A-B935-63D72F3F4E46}.Debug|ARM.Deploy.0 = Debug|ARM
		{D28C5D63-9E01-456A-B935-63D72F3F4E46}.Debug|ARM64.ActiveCfg = Debug|x86
		{D28C5D63-9E01-456A-B935-63D72F3F4E46}.Debug|x64.ActiveCfg = Debug|x64
		{D28C5D63-9E01-456A-B935-63D72F3F4E46}.Debug|x64.Build.0 = Debug|x64
		{D28C5D63-9E01-456A-B935-63D72F3F4E46}.Debug|x64.Deploy.0 = Debug|x64
		{D28C5D63-9E01-456A-B935-63D72F3F4E46}.Debug|x86.ActiveCfg = Debug|x86
		{D28C5D63-9E01-456A-B935-63D72F3F4E46}.Debug|x86.Build.0 = Debug|x86
		{D28C5D63-9E01-456A-B935-63D72F3F4E46}.Debug|x86.Deploy.0 = Debug|x86
		{D28C5D63-9E01-456A-B935-63D72F3F4E46}.Release|Any CPU.ActiveCfg = Release|x86
		{D28C5D63-9E01-456A-B935-63D72F3F4E46}.Release|ARM.ActiveCfg = Release|ARM
		{D28C5D63-9E01-456A-B935-63D72F3F4E46}.Release|ARM.Build.0 = Release|ARM
		{D28C5D63-9E01-456A-B935-63D72F3F4E46}.Release|ARM.Deploy.0 = Release|ARM
		{D28C5D63-9E01-456A-B935-63D72F3F4E46}.Release|ARM64.ActiveCfg = Release|x86
		{D28C5D63-9E01-456A-B935-63D72F3F4E46}.Release|x64.ActiveCfg = Release|x64
		{D28C5D63-9E01-456A-B935-63D72F3F4E46}.Release|x64.Build.0 = Release|x64
		{D28C5D63-9E01-456A-B935-63D72F3F4E46}.Release|x64.Deploy.0 = Release|x64
		{D28C5D63-9E01-456A-B935-63D72F3F4E46}.Release|x86.ActiveCfg = Release|x86
		{D28C5D63-9E01-456A-B935-63D72F3F4E46}.Release|x86.Build.0 = Release|x86
		{D28C5D63-9E01-456A-B935-63D72F3F4E46}.Release|x86.Deploy.0 = Release|x86
		{E0E56C84-7727-4318-9A7D-747C0F65750E}.Debug|Any CPU.ActiveCfg = Debug|x86
		{E0E56C84-7727-4318-9A7D-747C0F65750E}.Debug|ARM.ActiveCfg = Debug|ARM
		{E0E56C84-7727-4318-9A7D-747C0F65750E}.Debug|ARM.Build.0 = Debug|ARM
		{E0E56C84-7727-4318-9A7D-747C0F65750E}.Debug|ARM.Deploy.0 = Debug|ARM
		{E0E56C84-7727-4318-9A7D-747C0F65750E}.Debug|ARM64.ActiveCfg = Debug|ARM64
		{E0E56C84-7727-4318-9A7D-747C0F65750E}.Debug|ARM64.Build.0 = Debug|ARM64
		{E0E56C84-7727-4318-9A7D-747C0F65750E}.Debug|ARM64.Deploy.0 = Debug|ARM64
		{E0E56C84-7727-4318-9A7D-747C0F65750E}.Debug|x64.ActiveCfg = Debug|x64
		{E0E56C84-7727-4318-9A7D-747C0F65750E}.Debug|x64.Build.0 = Debug|x64
		{E0E56C84-7727-4318-9A7D-747C0F65750E}.Debug|x64.Deploy.0 = Debug|x64
		{E0E56C84-7727-4318-9A7D-747C0F65750E}.Debug|x86.ActiveCfg = Debug|x86
		{E0E56C84-7727-4318-9A7D-747C0F65750E}.Debug|x86.Build.0 = Debug|x86
		{E0E56C84-7727-4318-9A7D-747C0F65750E}.Debug|x86.Deploy.0 = Debug|x86
		{E0E56C84-7727-4318-9A7D-747C0F65750E}.Release|Any CPU.ActiveCfg = Release|x86
		{E0E56C84-7727-4318-9A7D-747C0F65750E}.Release|ARM.ActiveCfg = Release|ARM
		{E0E56C84-7727-4318-9A7D-747C0F65750E}.Release|ARM.Build.0 = Release|ARM
		{E0E56C84-7727-4318-9A7D-747C0F65750E}.Release|ARM.Deploy.0 = Release|ARM
		{E0E56C84-7727-4318-9A7D-747C0F65750E}.Release|ARM64.ActiveCfg = Release|ARM64
		{E0E56C84-7727-4318-9A7D-747C0F65750E}.Release|ARM64.Build.0 = Release|ARM64
		{E0E56C84-7727-4318-9A7D-747C0F65750E}.Release|ARM64.Deploy.0 = Release|ARM64
		{E0E56C84-7727-4318-9A7D-747C0F65750E}.Release|x64.ActiveCfg = Release|x64
		{E0E56C84-7727-4318-9A7D-747C0F65750E}.Release|x64.Build.0 = Release|x64
		{E0E56C84-7727-4318-9A7D-747C0F65750E}.Release|x64.Deploy.0 = Release|x64
		{E0E56C84-7727-4318-9A7D-747C0F65750E}.Release|x86.ActiveCfg = Release|x86
		{E0E56C84-7727-4318-9A7D-747C0F65750E}.Release|x86.Build.0 = Release|x86
		{E0E56C84-7727-4318-9A7D-747C0F65750E}.Release|x86.Deploy.0 = Release|x86
		{10769B56-07AE-453A-BAEB-1C0C7C492838}.Debug|Any CPU.ActiveCfg = Debug|Any CPU
		{10769B56-07AE-453A-BAEB-1C0C7C492838}.Debug|Any CPU.Build.0 = Debug|Any CPU
		{10769B56-07AE-453A-BAEB-1C0C7C492838}.Debug|ARM.ActiveCfg = Debug|Any CPU
		{10769B56-07AE-453A-BAEB-1C0C7C492838}.Debug|ARM.Build.0 = Debug|Any CPU
		{10769B56-07AE-453A-BAEB-1C0C7C492838}.Debug|ARM64.ActiveCfg = Debug|Any CPU
		{10769B56-07AE-453A-BAEB-1C0C7C492838}.Debug|ARM64.Build.0 = Debug|Any CPU
		{10769B56-07AE-453A-BAEB-1C0C7C492838}.Debug|x64.ActiveCfg = Debug|Any CPU
		{10769B56-07AE-453A-BAEB-1C0C7C492838}.Debug|x64.Build.0 = Debug|Any CPU
		{10769B56-07AE-453A-BAEB-1C0C7C492838}.Debug|x86.ActiveCfg = Debug|Any CPU
		{10769B56-07AE-453A-BAEB-1C0C7C492838}.Debug|x86.Build.0 = Debug|Any CPU
		{10769B56-07AE-453A-BAEB-1C0C7C492838}.Release|Any CPU.ActiveCfg = Release|Any CPU
		{10769B56-07AE-453A-BAEB-1C0C7C492838}.Release|Any CPU.Build.0 = Release|Any CPU
		{10769B56-07AE-453A-BAEB-1C0C7C492838}.Release|ARM.ActiveCfg = Release|Any CPU
		{10769B56-07AE-453A-BAEB-1C0C7C492838}.Release|ARM.Build.0 = Release|Any CPU
		{10769B56-07AE-453A-BAEB-1C0C7C492838}.Release|ARM64.ActiveCfg = Release|Any CPU
		{10769B56-07AE-453A-BAEB-1C0C7C492838}.Release|ARM64.Build.0 = Release|Any CPU
		{10769B56-07AE-453A-BAEB-1C0C7C492838}.Release|x64.ActiveCfg = Release|Any CPU
		{10769B56-07AE-453A-BAEB-1C0C7C492838}.Release|x64.Build.0 = Release|Any CPU
		{10769B56-07AE-453A-BAEB-1C0C7C492838}.Release|x86.ActiveCfg = Release|Any CPU
		{10769B56-07AE-453A-BAEB-1C0C7C492838}.Release|x86.Build.0 = Release|Any CPU
	EndGlobalSection
	GlobalSection(SolutionProperties) = preSolution
		HideSolutionNode = FALSE
	EndGlobalSection
	GlobalSection(ExtensibilityGlobals) = postSolution
		SolutionGuid = {C214D331-C85B-4612-A5F8-6CE48C397F14}
	EndGlobalSection
EndGlobal
